// !$*UTF8*$!
{
	archiveVersion = 1;
	classes = {
	};
	objectVersion = 50;
	objects = {

/* Begin PBXBuildFile section */
		ADB666A526C2FE74008938D7 /* AppDelegate.swift in Sources */ = {isa = PBXBuildFile; fileRef = ADB666A426C2FE74008938D7 /* AppDelegate.swift */; };
		ADB666A726C2FE74008938D7 /* SceneDelegate.swift in Sources */ = {isa = PBXBuildFile; fileRef = ADB666A626C2FE74008938D7 /* SceneDelegate.swift */; };
		ADB666AC26C2FE74008938D7 /* Main.storyboard in Resources */ = {isa = PBXBuildFile; fileRef = ADB666AA26C2FE74008938D7 /* Main.storyboard */; };
		ADB666AE26C2FE75008938D7 /* Assets.xcassets in Resources */ = {isa = PBXBuildFile; fileRef = ADB666AD26C2FE75008938D7 /* Assets.xcassets */; };
		ADB666B126C2FE75008938D7 /* LaunchScreen.storyboard in Resources */ = {isa = PBXBuildFile; fileRef = ADB666AF26C2FE75008938D7 /* LaunchScreen.storyboard */; };
		ADD0D09926C3021500565EA5 /* BerkshireSwash-Regular.ttf in Resources */ = {isa = PBXBuildFile; fileRef = ADD0D09826C3021500565EA5 /* BerkshireSwash-Regular.ttf */; };
		ADF664DB26C4672E00511E36 /* WelcomeViewController.swift in Sources */ = {isa = PBXBuildFile; fileRef = ADF664DA26C4672E00511E36 /* WelcomeViewController.swift */; };
		ADF664DD26C4684500511E36 /* LoginViewController.swift in Sources */ = {isa = PBXBuildFile; fileRef = ADF664DC26C4684500511E36 /* LoginViewController.swift */; };
		ADF664DF26C46A0200511E36 /* SignupViewController.swift in Sources */ = {isa = PBXBuildFile; fileRef = ADF664DE26C46A0200511E36 /* SignupViewController.swift */; };
		ADF664E326C46F7000511E36 /* MediaTableViewCell.swift in Sources */ = {isa = PBXBuildFile; fileRef = ADF664E126C46F7000511E36 /* MediaTableViewCell.swift */; };
		ADF664E426C46F7000511E36 /* MediaTableViewCell.xib in Resources */ = {isa = PBXBuildFile; fileRef = ADF664E226C46F7000511E36 /* MediaTableViewCell.xib */; };
/* End PBXBuildFile section */

/* Begin PBXFileReference section */
		ADB666A126C2FE74008938D7 /* SwiflixReborn.app */ = {isa = PBXFileReference; explicitFileType = wrapper.application; includeInIndex = 0; path = SwiflixReborn.app; sourceTree = BUILT_PRODUCTS_DIR; };
		ADB666A426C2FE74008938D7 /* AppDelegate.swift */ = {isa = PBXFileReference; lastKnownFileType = sourcecode.swift; path = AppDelegate.swift; sourceTree = "<group>"; };
		ADB666A626C2FE74008938D7 /* SceneDelegate.swift */ = {isa = PBXFileReference; lastKnownFileType = sourcecode.swift; path = SceneDelegate.swift; sourceTree = "<group>"; };
		ADB666AB26C2FE74008938D7 /* Base */ = {isa = PBXFileReference; lastKnownFileType = file.storyboard; name = Base; path = Base.lproj/Main.storyboard; sourceTree = "<group>"; };
		ADB666AD26C2FE75008938D7 /* Assets.xcassets */ = {isa = PBXFileReference; lastKnownFileType = folder.assetcatalog; path = Assets.xcassets; sourceTree = "<group>"; };
		ADB666B026C2FE75008938D7 /* Base */ = {isa = PBXFileReference; lastKnownFileType = file.storyboard; name = Base; path = Base.lproj/LaunchScreen.storyboard; sourceTree = "<group>"; };
		ADB666B226C2FE75008938D7 /* Info.plist */ = {isa = PBXFileReference; lastKnownFileType = text.plist.xml; path = Info.plist; sourceTree = "<group>"; };
		ADD0D09826C3021500565EA5 /* BerkshireSwash-Regular.ttf */ = {isa = PBXFileReference; lastKnownFileType = file; path = "BerkshireSwash-Regular.ttf"; sourceTree = "<group>"; };
		ADF664DA26C4672E00511E36 /* WelcomeViewController.swift */ = {isa = PBXFileReference; lastKnownFileType = sourcecode.swift; path = WelcomeViewController.swift; sourceTree = "<group>"; };
		ADF664DC26C4684500511E36 /* LoginViewController.swift */ = {isa = PBXFileReference; lastKnownFileType = sourcecode.swift; path = LoginViewController.swift; sourceTree = "<group>"; };
		ADF664DE26C46A0200511E36 /* SignupViewController.swift */ = {isa = PBXFileReference; lastKnownFileType = sourcecode.swift; path = SignupViewController.swift; sourceTree = "<group>"; };
		ADF664E126C46F7000511E36 /* MediaTableViewCell.swift */ = {isa = PBXFileReference; lastKnownFileType = sourcecode.swift; path = MediaTableViewCell.swift; sourceTree = "<group>"; };
		ADF664E226C46F7000511E36 /* MediaTableViewCell.xib */ = {isa = PBXFileReference; lastKnownFileType = file.xib; path = MediaTableViewCell.xib; sourceTree = "<group>"; };
/* End PBXFileReference section */

/* Begin PBXFrameworksBuildPhase section */
		ADB6669E26C2FE74008938D7 /* Frameworks */ = {
			isa = PBXFrameworksBuildPhase;
			buildActionMask = 2147483647;
			files = (
			);
			runOnlyForDeploymentPostprocessing = 0;
		};
/* End PBXFrameworksBuildPhase section */

/* Begin PBXGroup section */
		ADB6669826C2FE74008938D7 = {
			isa = PBXGroup;
			children = (
				ADB666A326C2FE74008938D7 /* SwiflixReborn */,
				ADB666A226C2FE74008938D7 /* Products */,
			);
			sourceTree = "<group>";
		};
		ADB666A226C2FE74008938D7 /* Products */ = {
			isa = PBXGroup;
			children = (
				ADB666A126C2FE74008938D7 /* SwiflixReborn.app */,
			);
			name = Products;
			sourceTree = "<group>";
		};
		ADB666A326C2FE74008938D7 /* SwiflixReborn */ = {
			isa = PBXGroup;
			children = (
				ADF664E026C46F5300511E36 /* TableViewCells */,
				ADF664D926C4670600511E36 /* ViewController */,
				ADD0D09826C3021500565EA5 /* BerkshireSwash-Regular.ttf */,
				ADB666A426C2FE74008938D7 /* AppDelegate.swift */,
				ADB666A626C2FE74008938D7 /* SceneDelegate.swift */,
				ADB666AA26C2FE74008938D7 /* Main.storyboard */,
				ADB666AD26C2FE75008938D7 /* Assets.xcassets */,
				ADB666AF26C2FE75008938D7 /* LaunchScreen.storyboard */,
				ADB666B226C2FE75008938D7 /* Info.plist */,
			);
			path = SwiflixReborn;
			sourceTree = "<group>";
		};
		ADF664D926C4670600511E36 /* ViewController */ = {
			isa = PBXGroup;
			children = (
				ADF664DA26C4672E00511E36 /* WelcomeViewController.swift */,
				ADF664DC26C4684500511E36 /* LoginViewController.swift */,
				ADF664DE26C46A0200511E36 /* SignupViewController.swift */,
			);
			path = ViewController;
			sourceTree = "<group>";
		};
		ADF664E026C46F5300511E36 /* TableViewCells */ = {
			isa = PBXGroup;
			children = (
				ADF664E126C46F7000511E36 /* MediaTableViewCell.swift */,
				ADF664E226C46F7000511E36 /* MediaTableViewCell.xib */,
			);
			path = TableViewCells;
			sourceTree = "<group>";
		};
/* End PBXGroup section */

/* Begin PBXNativeTarget section */
		ADB666A026C2FE74008938D7 /* SwiflixReborn */ = {
			isa = PBXNativeTarget;
			buildConfigurationList = ADB666B526C2FE75008938D7 /* Build configuration list for PBXNativeTarget "SwiflixReborn" */;
			buildPhases = (
				ADB6669D26C2FE74008938D7 /* Sources */,
				ADB6669E26C2FE74008938D7 /* Frameworks */,
				ADB6669F26C2FE74008938D7 /* Resources */,
			);
			buildRules = (
			);
			dependencies = (
			);
			name = SwiflixReborn;
			productName = SwiflixReborn;
			productReference = ADB666A126C2FE74008938D7 /* SwiflixReborn.app */;
			productType = "com.apple.product-type.application";
		};
/* End PBXNativeTarget section */

/* Begin PBXProject section */
		ADB6669926C2FE74008938D7 /* Project object */ = {
			isa = PBXProject;
			attributes = {
				LastSwiftUpdateCheck = 1250;
				LastUpgradeCheck = 1250;
				TargetAttributes = {
					ADB666A026C2FE74008938D7 = {
						CreatedOnToolsVersion = 12.5.1;
					};
				};
			};
			buildConfigurationList = ADB6669C26C2FE74008938D7 /* Build configuration list for PBXProject "SwiflixReborn" */;
			compatibilityVersion = "Xcode 9.3";
			developmentRegion = en;
			hasScannedForEncodings = 0;
			knownRegions = (
				en,
				Base,
			);
			mainGroup = ADB6669826C2FE74008938D7;
			productRefGroup = ADB666A226C2FE74008938D7 /* Products */;
			projectDirPath = "";
			projectRoot = "";
			targets = (
				ADB666A026C2FE74008938D7 /* SwiflixReborn */,
			);
		};
/* End PBXProject section */

/* Begin PBXResourcesBuildPhase section */
		ADB6669F26C2FE74008938D7 /* Resources */ = {
			isa = PBXResourcesBuildPhase;
			buildActionMask = 2147483647;
			files = (
				ADB666B126C2FE75008938D7 /* LaunchScreen.storyboard in Resources */,
				ADB666AE26C2FE75008938D7 /* Assets.xcassets in Resources */,
				ADD0D09926C3021500565EA5 /* BerkshireSwash-Regular.ttf in Resources */,
				ADF664E426C46F7000511E36 /* MediaTableViewCell.xib in Resources */,
				ADB666AC26C2FE74008938D7 /* Main.storyboard in Resources */,
			);
			runOnlyForDeploymentPostprocessing = 0;
		};
/* End PBXResourcesBuildPhase section */

/* Begin PBXSourcesBuildPhase section */
		ADB6669D26C2FE74008938D7 /* Sources */ = {
			isa = PBXSourcesBuildPhase;
			buildActionMask = 2147483647;
			files = (
				ADF664DD26C4684500511E36 /* LoginViewController.swift in Sources */,
				ADF664DB26C4672E00511E36 /* WelcomeViewController.swift in Sources */,
				ADF664DF26C46A0200511E36 /* SignupViewController.swift in Sources */,
				ADB666A526C2FE74008938D7 /* AppDelegate.swift in Sources */,
				ADF664E326C46F7000511E36 /* MediaTableViewCell.swift in Sources */,
				ADB666A726C2FE74008938D7 /* SceneDelegate.swift in Sources */,
			);
			runOnlyForDeploymentPostprocessing = 0;
		};
/* End PBXSourcesBuildPhase section */

/* Begin PBXVariantGroup section */
		ADB666AA26C2FE74008938D7 /* Main.storyboard */ = {
			isa = PBXVariantGroup;
			children = (
				ADB666AB26C2FE74008938D7 /* Base */,
			);
			name = Main.storyboard;
			sourceTree = "<group>";
		};
		ADB666AF26C2FE75008938D7 /* LaunchScreen.storyboard */ = {
			isa = PBXVariantGroup;
			children = (
				ADB666B026C2FE75008938D7 /* Base */,
			);
			name = LaunchScreen.storyboard;
			sourceTree = "<group>";
		};
/* End PBXVariantGroup section */

/* Begin XCBuildConfiguration section */
		ADB666B326C2FE75008938D7 /* Debug */ = {
			isa = XCBuildConfiguration;
			buildSettings = {
				ALWAYS_SEARCH_USER_PATHS = NO;
				CLANG_ANALYZER_NONNULL = YES;
				CLANG_ANALYZER_NUMBER_OBJECT_CONVERSION = YES_AGGRESSIVE;
				CLANG_CXX_LANGUAGE_STANDARD = "gnu++14";
				CLANG_CXX_LIBRARY = "libc++";
				CLANG_ENABLE_MODULES = YES;
				CLANG_ENABLE_OBJC_ARC = YES;
				CLANG_ENABLE_OBJC_WEAK = YES;
				CLANG_WARN_BLOCK_CAPTURE_AUTORELEASING = YES;
				CLANG_WARN_BOOL_CONVERSION = YES;
				CLANG_WARN_COMMA = YES;
				CLANG_WARN_CONSTANT_CONVERSION = YES;
				CLANG_WARN_DEPRECATED_OBJC_IMPLEMENTATIONS = YES;
				CLANG_WARN_DIRECT_OBJC_ISA_USAGE = YES_ERROR;
				CLANG_WARN_DOCUMENTATION_COMMENTS = YES;
				CLANG_WARN_EMPTY_BODY = YES;
				CLANG_WARN_ENUM_CONVERSION = YES;
				CLANG_WARN_INFINITE_RECURSION = YES;
				CLANG_WARN_INT_CONVERSION = YES;
				CLANG_WARN_NON_LITERAL_NULL_CONVERSION = YES;
				CLANG_WARN_OBJC_IMPLICIT_RETAIN_SELF = YES;
				CLANG_WARN_OBJC_LITERAL_CONVERSION = YES;
				CLANG_WARN_OBJC_ROOT_CLASS = YES_ERROR;
				CLANG_WARN_QUOTED_INCLUDE_IN_FRAMEWORK_HEADER = YES;
				CLANG_WARN_RANGE_LOOP_ANALYSIS = YES;
				CLANG_WARN_STRICT_PROTOTYPES = YES;
				CLANG_WARN_SUSPICIOUS_MOVE = YES;
				CLANG_WARN_UNGUARDED_AVAILABILITY = YES_AGGRESSIVE;
				CLANG_WARN_UNREACHABLE_CODE = YES;
				CLANG_WARN__DUPLICATE_METHOD_MATCH = YES;
				COPY_PHASE_STRIP = NO;
				DEBUG_INFORMATION_FORMAT = dwarf;
				ENABLE_STRICT_OBJC_MSGSEND = YES;
				ENABLE_TESTABILITY = YES;
				GCC_C_LANGUAGE_STANDARD = gnu11;
				GCC_DYNAMIC_NO_PIC = NO;
				GCC_NO_COMMON_BLOCKS = YES;
				GCC_OPTIMIZATION_LEVEL = 0;
				GCC_PREPROCESSOR_DEFINITIONS = (
					"DEBUG=1",
					"$(inherited)",
				);
				GCC_WARN_64_TO_32_BIT_CONVERSION = YES;
				GCC_WARN_ABOUT_RETURN_TYPE = YES_ERROR;
				GCC_WARN_UNDECLARED_SELECTOR = YES;
				GCC_WARN_UNINITIALIZED_AUTOS = YES_AGGRESSIVE;
				GCC_WARN_UNUSED_FUNCTION = YES;
				GCC_WARN_UNUSED_VARIABLE = YES;
				IPHONEOS_DEPLOYMENT_TARGET = 14.5;
				MTL_ENABLE_DEBUG_INFO = INCLUDE_SOURCE;
				MTL_FAST_MATH = YES;
				ONLY_ACTIVE_ARCH = YES;
				SDKROOT = iphoneos;
				SWIFT_ACTIVE_COMPILATION_CONDITIONS = DEBUG;
				SWIFT_OPTIMIZATION_LEVEL = "-Onone";
			};
			name = Debug;
		};
		ADB666B426C2FE75008938D7 /* Release */ = {
			isa = XCBuildConfiguration;
			buildSettings = {
				ALWAYS_SEARCH_USER_PATHS = NO;
				CLANG_ANALYZER_NONNULL = YES;
				CLANG_ANALYZER_NUMBER_OBJECT_CONVERSION = YES_AGGRESSIVE;
				CLANG_CXX_LANGUAGE_STANDARD = "gnu++14";
				CLANG_CXX_LIBRARY = "libc++";
				CLANG_ENABLE_MODULES = YES;
				CLANG_ENABLE_OBJC_ARC = YES;
				CLANG_ENABLE_OBJC_WEAK = YES;
				CLANG_WARN_BLOCK_CAPTURE_AUTORELEASING = YES;
				CLANG_WARN_BOOL_CONVERSION = YES;
				CLANG_WARN_COMMA = YES;
				CLANG_WARN_CONSTANT_CONVERSION = YES;
				CLANG_WARN_DEPRECATED_OBJC_IMPLEMENTATIONS = YES;
				CLANG_WARN_DIRECT_OBJC_ISA_USAGE = YES_ERROR;
				CLANG_WARN_DOCUMENTATION_COMMENTS = YES;
				CLANG_WARN_EMPTY_BODY = YES;
				CLANG_WARN_ENUM_CONVERSION = YES;
				CLANG_WARN_INFINITE_RECURSION = YES;
				CLANG_WARN_INT_CONVERSION = YES;
				CLANG_WARN_NON_LITERAL_NULL_CONVERSION = YES;
				CLANG_WARN_OBJC_IMPLICIT_RETAIN_SELF = YES;
				CLANG_WARN_OBJC_LITERAL_CONVERSION = YES;
				CLANG_WARN_OBJC_ROOT_CLASS = YES_ERROR;
				CLANG_WARN_QUOTED_INCLUDE_IN_FRAMEWORK_HEADER = YES;
				CLANG_WARN_RANGE_LOOP_ANALYSIS = YES;
				CLANG_WARN_STRICT_PROTOTYPES = YES;
				CLANG_WARN_SUSPICIOUS_MOVE = YES;
				CLANG_WARN_UNGUARDED_AVAILABILITY = YES_AGGRESSIVE;
				CLANG_WARN_UNREACHABLE_CODE = YES;
				CLANG_WARN__DUPLICATE_METHOD_MATCH = YES;
				COPY_PHASE_STRIP = NO;
				DEBUG_INFORMATION_FORMAT = "dwarf-with-dsym";
				ENABLE_NS_ASSERTIONS = NO;
				ENABLE_STRICT_OBJC_MSGSEND = YES;
				GCC_C_LANGUAGE_STANDARD = gnu11;
				GCC_NO_COMMON_BLOCKS = YES;
				GCC_WARN_64_TO_32_BIT_CONVERSION = YES;
				GCC_WARN_ABOUT_RETURN_TYPE = YES_ERROR;
				GCC_WARN_UNDECLARED_SELECTOR = YES;
				GCC_WARN_UNINITIALIZED_AUTOS = YES_AGGRESSIVE;
				GCC_WARN_UNUSED_FUNCTION = YES;
				GCC_WARN_UNUSED_VARIABLE = YES;
				IPHONEOS_DEPLOYMENT_TARGET = 14.5;
				MTL_ENABLE_DEBUG_INFO = NO;
				MTL_FAST_MATH = YES;
				SDKROOT = iphoneos;
				SWIFT_COMPILATION_MODE = wholemodule;
				SWIFT_OPTIMIZATION_LEVEL = "-O";
				VALIDATE_PRODUCT = YES;
			};
			name = Release;
		};
		ADB666B626C2FE75008938D7 /* Debug */ = {
			isa = XCBuildConfiguration;
			buildSettings = {
				ASSETCATALOG_COMPILER_APPICON_NAME = AppIcon;
				ASSETCATALOG_COMPILER_GLOBAL_ACCENT_COLOR_NAME = AccentColor;
				CODE_SIGN_STYLE = Automatic;
				DEVELOPMENT_TEAM = S85L3BQN65;
				INFOPLIST_FILE = SwiflixReborn/Info.plist;
				LD_RUNPATH_SEARCH_PATHS = (
					"$(inherited)",
					"@executable_path/Frameworks",
				);
				PRODUCT_BUNDLE_IDENTIFIER = me.radicheski.SwiflixReborn;
				PRODUCT_NAME = "$(TARGET_NAME)";
				SWIFT_VERSION = 5.0;
				TARGETED_DEVICE_FAMILY = "1,2";
			};
			name = Debug;
		};
		ADB666B726C2FE75008938D7 /* Release */ = {
			isa = XCBuildConfiguration;
			buildSettings = {
				ASSETCATALOG_COMPILER_APPICON_NAME = AppIcon;
				ASSETCATALOG_COMPILER_GLOBAL_ACCENT_COLOR_NAME = AccentColor;
				CODE_SIGN_STYLE = Automatic;
				DEVELOPMENT_TEAM = S85L3BQN65;
				INFOPLIST_FILE = SwiflixReborn/Info.plist;
				LD_RUNPATH_SEARCH_PATHS = (
					"$(inherited)",
					"@executable_path/Frameworks",
				);
				PRODUCT_BUNDLE_IDENTIFIER = me.radicheski.SwiflixReborn;
				PRODUCT_NAME = "$(TARGET_NAME)";
				SWIFT_VERSION = 5.0;
				TARGETED_DEVICE_FAMILY = "1,2";
			};
			name = Release;
		};
/* End XCBuildConfiguration section */

/* Begin XCConfigurationList section */
		ADB6669C26C2FE74008938D7 /* Build configuration list for PBXProject "SwiflixReborn" */ = {
			isa = XCConfigurationList;
			buildConfigurations = (
				ADB666B326C2FE75008938D7 /* Debug */,
				ADB666B426C2FE75008938D7 /* Release */,
			);
			defaultConfigurationIsVisible = 0;
			defaultConfigurationName = Release;
		};
		ADB666B526C2FE75008938D7 /* Build configuration list for PBXNativeTarget "SwiflixReborn" */ = {
			isa = XCConfigurationList;
			buildConfigurations = (
				ADB666B626C2FE75008938D7 /* Debug */,
				ADB666B726C2FE75008938D7 /* Release */,
			);
			defaultConfigurationIsVisible = 0;
			defaultConfigurationName = Release;
		};
/* End XCConfigurationList section */
	};
	rootObject = ADB6669926C2FE74008938D7 /* Project object */;
}
