// !$*UTF8*$!
{
	archiveVersion = 1;
	classes = {
	};
	objectVersion = 50;
	objects = {

/* Begin PBXBuildFile section */
		AD0484BB26C704E800318AAD /* SerieController.swift in Sources */ = {isa = PBXBuildFile; fileRef = AD0484BA26C704E800318AAD /* SerieController.swift */; };
		AD0484BF26C70B2D00318AAD /* PersonController.swift in Sources */ = {isa = PBXBuildFile; fileRef = AD0484BE26C70B2D00318AAD /* PersonController.swift */; };
		AD0484C126C71C3900318AAD /* Person.swift in Sources */ = {isa = PBXBuildFile; fileRef = AD0484C026C71C3900318AAD /* Person.swift */; };
		AD0756A826C5B96800A53202 /* apikey.plist in Resources */ = {isa = PBXBuildFile; fileRef = AD0756A726C5B96800A53202 /* apikey.plist */; };
		AD60AAB026C47F9500C501B8 /* OnTheatersViewController.swift in Sources */ = {isa = PBXBuildFile; fileRef = AD60AAAF26C47F9500C501B8 /* OnTheatersViewController.swift */; };
		AD60AAB226C4824200C501B8 /* ComingViewController.swift in Sources */ = {isa = PBXBuildFile; fileRef = AD60AAB126C4824200C501B8 /* ComingViewController.swift */; };
		AD60AAB426C5949000C501B8 /* SerieViewController.swift in Sources */ = {isa = PBXBuildFile; fileRef = AD60AAB326C5949000C501B8 /* SerieViewController.swift */; };
		AD60AAB626C5966800C501B8 /* SerieDetailViewController.swift in Sources */ = {isa = PBXBuildFile; fileRef = AD60AAB526C5966800C501B8 /* SerieDetailViewController.swift */; };
		AD60AAB826C5994D00C501B8 /* PersonViewController.swift in Sources */ = {isa = PBXBuildFile; fileRef = AD60AAB726C5994D00C501B8 /* PersonViewController.swift */; };
		AD60AABA26C5996C00C501B8 /* PersonDetailViewController.swift in Sources */ = {isa = PBXBuildFile; fileRef = AD60AAB926C5996C00C501B8 /* PersonDetailViewController.swift */; };
		AD60AABD26C59CC200C501B8 /* PersonTableViewCell.swift in Sources */ = {isa = PBXBuildFile; fileRef = AD60AABB26C59CC200C501B8 /* PersonTableViewCell.swift */; };
		AD60AABE26C59CC200C501B8 /* PersonTableViewCell.xib in Resources */ = {isa = PBXBuildFile; fileRef = AD60AABC26C59CC200C501B8 /* PersonTableViewCell.xib */; };
		ADB666A526C2FE74008938D7 /* AppDelegate.swift in Sources */ = {isa = PBXBuildFile; fileRef = ADB666A426C2FE74008938D7 /* AppDelegate.swift */; };
		ADB666A726C2FE74008938D7 /* SceneDelegate.swift in Sources */ = {isa = PBXBuildFile; fileRef = ADB666A626C2FE74008938D7 /* SceneDelegate.swift */; };
		ADB666AC26C2FE74008938D7 /* Main.storyboard in Resources */ = {isa = PBXBuildFile; fileRef = ADB666AA26C2FE74008938D7 /* Main.storyboard */; };
		ADB666AE26C2FE75008938D7 /* Assets.xcassets in Resources */ = {isa = PBXBuildFile; fileRef = ADB666AD26C2FE75008938D7 /* Assets.xcassets */; };
		ADB666B126C2FE75008938D7 /* LaunchScreen.storyboard in Resources */ = {isa = PBXBuildFile; fileRef = ADB666AF26C2FE75008938D7 /* LaunchScreen.storyboard */; };
		ADD0D09926C3021500565EA5 /* BerkshireSwash-Regular.ttf in Resources */ = {isa = PBXBuildFile; fileRef = ADD0D09826C3021500565EA5 /* BerkshireSwash-Regular.ttf */; };
		ADF664DB26C4672E00511E36 /* WelcomeViewController.swift in Sources */ = {isa = PBXBuildFile; fileRef = ADF664DA26C4672E00511E36 /* WelcomeViewController.swift */; };
		ADF664DD26C4684500511E36 /* LoginViewController.swift in Sources */ = {isa = PBXBuildFile; fileRef = ADF664DC26C4684500511E36 /* LoginViewController.swift */; };
		ADF664DF26C46A0200511E36 /* SignupViewController.swift in Sources */ = {isa = PBXBuildFile; fileRef = ADF664DE26C46A0200511E36 /* SignupViewController.swift */; };
		ADF664E326C46F7000511E36 /* MediaTableViewCell.swift in Sources */ = {isa = PBXBuildFile; fileRef = ADF664E126C46F7000511E36 /* MediaTableViewCell.swift */; };
		ADF664E426C46F7000511E36 /* MediaTableViewCell.xib in Resources */ = {isa = PBXBuildFile; fileRef = ADF664E226C46F7000511E36 /* MediaTableViewCell.xib */; };
		ADF664E626C474E200511E36 /* MovieViewController.swift in Sources */ = {isa = PBXBuildFile; fileRef = ADF664E526C474E100511E36 /* MovieViewController.swift */; };
		ADF664E826C4790400511E36 /* MovieDetailViewController.swift in Sources */ = {isa = PBXBuildFile; fileRef = ADF664E726C4790400511E36 /* MovieDetailViewController.swift */; };
		EBDF304E7B5D9797C074C0F4 /* TrendingResponse.swift in Sources */ = {isa = PBXBuildFile; fileRef = EBDF3DF712C1E07755C8D4CF /* TrendingResponse.swift */; };
		EBDF332B7DA0C77A3FF03652 /* Media.swift in Sources */ = {isa = PBXBuildFile; fileRef = EBDF31787088983ADD3134B1 /* Media.swift */; };
		EBDF349D23FACAF28B8F77C4 /* MediaType.swift in Sources */ = {isa = PBXBuildFile; fileRef = EBDF3FD11B597EAB3F9B4D64 /* MediaType.swift */; };
		EBDF391E2E8A19CCE00864B8 /* MovieController.swift in Sources */ = {isa = PBXBuildFile; fileRef = EBDF34F4593BEAC7477CF1C1 /* MovieController.swift */; };
		EBDF3CF616C00897FAC4E318 /* TMDB.swift in Sources */ = {isa = PBXBuildFile; fileRef = EBDF3DB32DEE53744D69F09C /* TMDB.swift */; };
		EBDF3D1C4C7458F49686D95F /* TimeWindow.swift in Sources */ = {isa = PBXBuildFile; fileRef = EBDF334C6D7E45B64FF3A262 /* TimeWindow.swift */; };
		EBDF3D9711AA1EC1A2241790 /* TMDBError.swift in Sources */ = {isa = PBXBuildFile; fileRef = EBDF31D9A9A3FD5AED825869 /* TMDBError.swift */; };
/* End PBXBuildFile section */

/* Begin PBXFileReference section */
		AD0484BA26C704E800318AAD /* SerieController.swift */ = {isa = PBXFileReference; lastKnownFileType = sourcecode.swift; path = SerieController.swift; sourceTree = "<group>"; };
		AD0484BE26C70B2D00318AAD /* PersonController.swift */ = {isa = PBXFileReference; lastKnownFileType = sourcecode.swift; path = PersonController.swift; sourceTree = "<group>"; };
		AD0484C026C71C3900318AAD /* Person.swift */ = {isa = PBXFileReference; lastKnownFileType = sourcecode.swift; path = Person.swift; sourceTree = "<group>"; };
		AD0756A726C5B96800A53202 /* apikey.plist */ = {isa = PBXFileReference; lastKnownFileType = text.plist.xml; path = apikey.plist; sourceTree = "<group>"; };
		AD60AAAF26C47F9500C501B8 /* OnTheatersViewController.swift */ = {isa = PBXFileReference; lastKnownFileType = sourcecode.swift; path = OnTheatersViewController.swift; sourceTree = "<group>"; };
		AD60AAB126C4824200C501B8 /* ComingViewController.swift */ = {isa = PBXFileReference; lastKnownFileType = sourcecode.swift; path = ComingViewController.swift; sourceTree = "<group>"; };
		AD60AAB326C5949000C501B8 /* SerieViewController.swift */ = {isa = PBXFileReference; lastKnownFileType = sourcecode.swift; path = SerieViewController.swift; sourceTree = "<group>"; };
		AD60AAB526C5966800C501B8 /* SerieDetailViewController.swift */ = {isa = PBXFileReference; lastKnownFileType = sourcecode.swift; path = SerieDetailViewController.swift; sourceTree = "<group>"; };
		AD60AAB726C5994D00C501B8 /* PersonViewController.swift */ = {isa = PBXFileReference; lastKnownFileType = sourcecode.swift; path = PersonViewController.swift; sourceTree = "<group>"; };
		AD60AAB926C5996C00C501B8 /* PersonDetailViewController.swift */ = {isa = PBXFileReference; lastKnownFileType = sourcecode.swift; path = PersonDetailViewController.swift; sourceTree = "<group>"; };
		AD60AABB26C59CC200C501B8 /* PersonTableViewCell.swift */ = {isa = PBXFileReference; lastKnownFileType = sourcecode.swift; path = PersonTableViewCell.swift; sourceTree = "<group>"; };
		AD60AABC26C59CC200C501B8 /* PersonTableViewCell.xib */ = {isa = PBXFileReference; lastKnownFileType = file.xib; path = PersonTableViewCell.xib; sourceTree = "<group>"; };
		ADB666A126C2FE74008938D7 /* SwiflixReborn.app */ = {isa = PBXFileReference; explicitFileType = wrapper.application; includeInIndex = 0; path = SwiflixReborn.app; sourceTree = BUILT_PRODUCTS_DIR; };
		ADB666A426C2FE74008938D7 /* AppDelegate.swift */ = {isa = PBXFileReference; lastKnownFileType = sourcecode.swift; path = AppDelegate.swift; sourceTree = "<group>"; };
		ADB666A626C2FE74008938D7 /* SceneDelegate.swift */ = {isa = PBXFileReference; lastKnownFileType = sourcecode.swift; path = SceneDelegate.swift; sourceTree = "<group>"; };
		ADB666AB26C2FE74008938D7 /* Base */ = {isa = PBXFileReference; lastKnownFileType = file.storyboard; name = Base; path = Base.lproj/Main.storyboard; sourceTree = "<group>"; };
		ADB666AD26C2FE75008938D7 /* Assets.xcassets */ = {isa = PBXFileReference; lastKnownFileType = folder.assetcatalog; path = Assets.xcassets; sourceTree = "<group>"; };
		ADB666B026C2FE75008938D7 /* Base */ = {isa = PBXFileReference; lastKnownFileType = file.storyboard; name = Base; path = Base.lproj/LaunchScreen.storyboard; sourceTree = "<group>"; };
		ADB666B226C2FE75008938D7 /* Info.plist */ = {isa = PBXFileReference; lastKnownFileType = text.plist.xml; path = Info.plist; sourceTree = "<group>"; };
		ADD0D09826C3021500565EA5 /* BerkshireSwash-Regular.ttf */ = {isa = PBXFileReference; lastKnownFileType = file; path = "BerkshireSwash-Regular.ttf"; sourceTree = "<group>"; };
		ADF664DA26C4672E00511E36 /* WelcomeViewController.swift */ = {isa = PBXFileReference; lastKnownFileType = sourcecode.swift; path = WelcomeViewController.swift; sourceTree = "<group>"; };
		ADF664DC26C4684500511E36 /* LoginViewController.swift */ = {isa = PBXFileReference; lastKnownFileType = sourcecode.swift; path = LoginViewController.swift; sourceTree = "<group>"; };
		ADF664DE26C46A0200511E36 /* SignupViewController.swift */ = {isa = PBXFileReference; lastKnownFileType = sourcecode.swift; path = SignupViewController.swift; sourceTree = "<group>"; };
		ADF664E126C46F7000511E36 /* MediaTableViewCell.swift */ = {isa = PBXFileReference; lastKnownFileType = sourcecode.swift; path = MediaTableViewCell.swift; sourceTree = "<group>"; };
		ADF664E226C46F7000511E36 /* MediaTableViewCell.xib */ = {isa = PBXFileReference; lastKnownFileType = file.xib; path = MediaTableViewCell.xib; sourceTree = "<group>"; };
		ADF664E526C474E100511E36 /* MovieViewController.swift */ = {isa = PBXFileReference; lastKnownFileType = sourcecode.swift; path = MovieViewController.swift; sourceTree = "<group>"; };
		ADF664E726C4790400511E36 /* MovieDetailViewController.swift */ = {isa = PBXFileReference; lastKnownFileType = sourcecode.swift; path = MovieDetailViewController.swift; sourceTree = "<group>"; };
		EBDF31787088983ADD3134B1 /* Media.swift */ = {isa = PBXFileReference; fileEncoding = 4; lastKnownFileType = sourcecode.swift; path = Media.swift; sourceTree = "<group>"; };
		EBDF31D9A9A3FD5AED825869 /* TMDBError.swift */ = {isa = PBXFileReference; fileEncoding = 4; lastKnownFileType = sourcecode.swift; path = TMDBError.swift; sourceTree = "<group>"; };
		EBDF334C6D7E45B64FF3A262 /* TimeWindow.swift */ = {isa = PBXFileReference; fileEncoding = 4; lastKnownFileType = sourcecode.swift; path = TimeWindow.swift; sourceTree = "<group>"; };
		EBDF34F4593BEAC7477CF1C1 /* MovieController.swift */ = {isa = PBXFileReference; fileEncoding = 4; lastKnownFileType = sourcecode.swift; path = MovieController.swift; sourceTree = "<group>"; };
		EBDF3DB32DEE53744D69F09C /* TMDB.swift */ = {isa = PBXFileReference; fileEncoding = 4; lastKnownFileType = sourcecode.swift; path = TMDB.swift; sourceTree = "<group>"; };
		EBDF3DF712C1E07755C8D4CF /* TrendingResponse.swift */ = {isa = PBXFileReference; fileEncoding = 4; lastKnownFileType = sourcecode.swift; path = TrendingResponse.swift; sourceTree = "<group>"; };
		EBDF3FD11B597EAB3F9B4D64 /* MediaType.swift */ = {isa = PBXFileReference; fileEncoding = 4; lastKnownFileType = sourcecode.swift; path = MediaType.swift; sourceTree = "<group>"; };
/* End PBXFileReference section */

/* Begin PBXFrameworksBuildPhase section */
		ADB6669E26C2FE74008938D7 /* Frameworks */ = {
			isa = PBXFrameworksBuildPhase;
			buildActionMask = 2147483647;
			files = (
			);
			runOnlyForDeploymentPostprocessing = 0;
		};
/* End PBXFrameworksBuildPhase section */

/* Begin PBXGroup section */
		ADB6669826C2FE74008938D7 = {
			isa = PBXGroup;
			children = (
				ADB666A326C2FE74008938D7 /* SwiflixReborn */,
				ADB666A226C2FE74008938D7 /* Products */,
			);
			sourceTree = "<group>";
		};
		ADB666A226C2FE74008938D7 /* Products */ = {
			isa = PBXGroup;
			children = (
				ADB666A126C2FE74008938D7 /* SwiflixReborn.app */,
			);
			name = Products;
			sourceTree = "<group>";
		};
		ADB666A326C2FE74008938D7 /* SwiflixReborn */ = {
			isa = PBXGroup;
			children = (
				ADF664E026C46F5300511E36 /* TableViewCells */,
				ADF664D926C4670600511E36 /* ViewController */,
				ADD0D09826C3021500565EA5 /* BerkshireSwash-Regular.ttf */,
				ADB666A426C2FE74008938D7 /* AppDelegate.swift */,
				ADB666A626C2FE74008938D7 /* SceneDelegate.swift */,
				ADB666AA26C2FE74008938D7 /* Main.storyboard */,
				ADB666AD26C2FE75008938D7 /* Assets.xcassets */,
				ADB666AF26C2FE75008938D7 /* LaunchScreen.storyboard */,
				ADB666B226C2FE75008938D7 /* Info.plist */,
				EBDF37EA1D82BC320A24BAC4 /* Model */,
				EBDF330B97858420EB9F470A /* SensitiveData */,
				EBDF3BE751EB1D3DA7689D88 /* Network */,
				EBDF3946180502696B5C5EA8 /* Controller */,
			);
			path = SwiflixReborn;
			sourceTree = "<group>";
		};
		ADF664D926C4670600511E36 /* ViewController */ = {
			isa = PBXGroup;
			children = (
				ADF664DA26C4672E00511E36 /* WelcomeViewController.swift */,
				ADF664DC26C4684500511E36 /* LoginViewController.swift */,
				ADF664DE26C46A0200511E36 /* SignupViewController.swift */,
				ADF664E526C474E100511E36 /* MovieViewController.swift */,
				ADF664E726C4790400511E36 /* MovieDetailViewController.swift */,
				AD60AAAF26C47F9500C501B8 /* OnTheatersViewController.swift */,
				AD60AAB126C4824200C501B8 /* ComingViewController.swift */,
				AD60AAB326C5949000C501B8 /* SerieViewController.swift */,
				AD60AAB526C5966800C501B8 /* SerieDetailViewController.swift */,
				AD60AAB726C5994D00C501B8 /* PersonViewController.swift */,
				AD60AAB926C5996C00C501B8 /* PersonDetailViewController.swift */,
			);
			path = ViewController;
			sourceTree = "<group>";
		};
		ADF664E026C46F5300511E36 /* TableViewCells */ = {
			isa = PBXGroup;
			children = (
				ADF664E126C46F7000511E36 /* MediaTableViewCell.swift */,
				ADF664E226C46F7000511E36 /* MediaTableViewCell.xib */,
				AD60AABB26C59CC200C501B8 /* PersonTableViewCell.swift */,
				AD60AABC26C59CC200C501B8 /* PersonTableViewCell.xib */,
			);
			path = TableViewCells;
			sourceTree = "<group>";
		};
		EBDF32D3D0594E35F7B187DE /* TMDB */ = {
			isa = PBXGroup;
			children = (
				EBDF31D9A9A3FD5AED825869 /* TMDBError.swift */,
				EBDF3FD11B597EAB3F9B4D64 /* MediaType.swift */,
				EBDF334C6D7E45B64FF3A262 /* TimeWindow.swift */,
				EBDF3DF712C1E07755C8D4CF /* TrendingResponse.swift */,
				AD0484C026C71C3900318AAD /* Person.swift */,
			);
			path = TMDB;
			sourceTree = "<group>";
		};
		EBDF330B97858420EB9F470A /* SensitiveData */ = {
			isa = PBXGroup;
			children = (
				AD0756A726C5B96800A53202 /* apikey.plist */,
			);
			path = SensitiveData;
			sourceTree = "<group>";
		};
		EBDF37EA1D82BC320A24BAC4 /* Model */ = {
			isa = PBXGroup;
			children = (
				EBDF32D3D0594E35F7B187DE /* TMDB */,
				EBDF31787088983ADD3134B1 /* Media.swift */,
			);
			path = Model;
			sourceTree = "<group>";
		};
		EBDF3946180502696B5C5EA8 /* Controller */ = {
			isa = PBXGroup;
			children = (
				EBDF34F4593BEAC7477CF1C1 /* MovieController.swift */,
				AD0484BA26C704E800318AAD /* SerieController.swift */,
				AD0484BE26C70B2D00318AAD /* PersonController.swift */,
			);
			path = Controller;
			sourceTree = "<group>";
		};
		EBDF3BE751EB1D3DA7689D88 /* Network */ = {
			isa = PBXGroup;
			children = (
				EBDF3DB32DEE53744D69F09C /* TMDB.swift */,
			);
			path = Network;
			sourceTree = "<group>";
		};
/* End PBXGroup section */

/* Begin PBXNativeTarget section */
		ADB666A026C2FE74008938D7 /* SwiflixReborn */ = {
			isa = PBXNativeTarget;
			buildConfigurationList = ADB666B526C2FE75008938D7 /* Build configuration list for PBXNativeTarget "SwiflixReborn" */;
			buildPhases = (
				ADB6669D26C2FE74008938D7 /* Sources */,
				ADB6669E26C2FE74008938D7 /* Frameworks */,
				ADB6669F26C2FE74008938D7 /* Resources */,
			);
			buildRules = (
			);
			dependencies = (
			);
			name = SwiflixReborn;
			productName = SwiflixReborn;
			productReference = ADB666A126C2FE74008938D7 /* SwiflixReborn.app */;
			productType = "com.apple.product-type.application";
		};
/* End PBXNativeTarget section */

/* Begin PBXProject section */
		ADB6669926C2FE74008938D7 /* Project object */ = {
			isa = PBXProject;
			attributes = {
				LastSwiftUpdateCheck = 1250;
				LastUpgradeCheck = 1250;
				TargetAttributes = {
					ADB666A026C2FE74008938D7 = {
						CreatedOnToolsVersion = 12.5.1;
					};
				};
			};
			buildConfigurationList = ADB6669C26C2FE74008938D7 /* Build configuration list for PBXProject "SwiflixReborn" */;
			compatibilityVersion = "Xcode 9.3";
			developmentRegion = en;
			hasScannedForEncodings = 0;
			knownRegions = (
				en,
				Base,
			);
			mainGroup = ADB6669826C2FE74008938D7;
			productRefGroup = ADB666A226C2FE74008938D7 /* Products */;
			projectDirPath = "";
			projectRoot = "";
			targets = (
				ADB666A026C2FE74008938D7 /* SwiflixReborn */,
			);
		};
/* End PBXProject section */

/* Begin PBXResourcesBuildPhase section */
		ADB6669F26C2FE74008938D7 /* Resources */ = {
			isa = PBXResourcesBuildPhase;
			buildActionMask = 2147483647;
			files = (
				ADB666B126C2FE75008938D7 /* LaunchScreen.storyboard in Resources */,
				AD0756A826C5B96800A53202 /* apikey.plist in Resources */,
				ADB666AE26C2FE75008938D7 /* Assets.xcassets in Resources */,
				AD60AABE26C59CC200C501B8 /* PersonTableViewCell.xib in Resources */,
				ADD0D09926C3021500565EA5 /* BerkshireSwash-Regular.ttf in Resources */,
				ADF664E426C46F7000511E36 /* MediaTableViewCell.xib in Resources */,
				ADB666AC26C2FE74008938D7 /* Main.storyboard in Resources */,
			);
			runOnlyForDeploymentPostprocessing = 0;
		};
/* End PBXResourcesBuildPhase section */

/* Begin PBXSourcesBuildPhase section */
		ADB6669D26C2FE74008938D7 /* Sources */ = {
			isa = PBXSourcesBuildPhase;
			buildActionMask = 2147483647;
			files = (
				AD0484C126C71C3900318AAD /* Person.swift in Sources */,
				ADF664DD26C4684500511E36 /* LoginViewController.swift in Sources */,
				AD0484BB26C704E800318AAD /* SerieController.swift in Sources */,
				AD60AAB826C5994D00C501B8 /* PersonViewController.swift in Sources */,
				ADF664E626C474E200511E36 /* MovieViewController.swift in Sources */,
				AD60AABD26C59CC200C501B8 /* PersonTableViewCell.swift in Sources */,
				ADF664DB26C4672E00511E36 /* WelcomeViewController.swift in Sources */,
				ADF664DF26C46A0200511E36 /* SignupViewController.swift in Sources */,
				AD60AAB626C5966800C501B8 /* SerieDetailViewController.swift in Sources */,
				AD0484BF26C70B2D00318AAD /* PersonController.swift in Sources */,
				AD60AAB026C47F9500C501B8 /* OnTheatersViewController.swift in Sources */,
				AD60AAB226C4824200C501B8 /* ComingViewController.swift in Sources */,
				AD60AAB426C5949000C501B8 /* SerieViewController.swift in Sources */,
				ADF664E826C4790400511E36 /* MovieDetailViewController.swift in Sources */,
				ADB666A526C2FE74008938D7 /* AppDelegate.swift in Sources */,
				ADF664E326C46F7000511E36 /* MediaTableViewCell.swift in Sources */,
				AD60AABA26C5996C00C501B8 /* PersonDetailViewController.swift in Sources */,
				ADB666A726C2FE74008938D7 /* SceneDelegate.swift in Sources */,
				EBDF3D9711AA1EC1A2241790 /* TMDBError.swift in Sources */,
				EBDF349D23FACAF28B8F77C4 /* MediaType.swift in Sources */,
				EBDF3D1C4C7458F49686D95F /* TimeWindow.swift in Sources */,
				EBDF304E7B5D9797C074C0F4 /* TrendingResponse.swift in Sources */,
				EBDF3CF616C00897FAC4E318 /* TMDB.swift in Sources */,
				EBDF332B7DA0C77A3FF03652 /* Media.swift in Sources */,
				EBDF391E2E8A19CCE00864B8 /* MovieController.swift in Sources */,
			);
			runOnlyForDeploymentPostprocessing = 0;
		};
/* End PBXSourcesBuildPhase section */

/* Begin PBXVariantGroup section */
		ADB666AA26C2FE74008938D7 /* Main.storyboard */ = {
			isa = PBXVariantGroup;
			children = (
				ADB666AB26C2FE74008938D7 /* Base */,
			);
			name = Main.storyboard;
			sourceTree = "<group>";
		};
		ADB666AF26C2FE75008938D7 /* LaunchScreen.storyboard */ = {
			isa = PBXVariantGroup;
			children = (
				ADB666B026C2FE75008938D7 /* Base */,
			);
			name = LaunchScreen.storyboard;
			sourceTree = "<group>";
		};
/* End PBXVariantGroup section */

/* Begin XCBuildConfiguration section */
		ADB666B326C2FE75008938D7 /* Debug */ = {
			isa = XCBuildConfiguration;
			buildSettings = {
				ALWAYS_SEARCH_USER_PATHS = NO;
				CLANG_ANALYZER_NONNULL = YES;
				CLANG_ANALYZER_NUMBER_OBJECT_CONVERSION = YES_AGGRESSIVE;
				CLANG_CXX_LANGUAGE_STANDARD = "gnu++14";
				CLANG_CXX_LIBRARY = "libc++";
				CLANG_ENABLE_MODULES = YES;
				CLANG_ENABLE_OBJC_ARC = YES;
				CLANG_ENABLE_OBJC_WEAK = YES;
				CLANG_WARN_BLOCK_CAPTURE_AUTORELEASING = YES;
				CLANG_WARN_BOOL_CONVERSION = YES;
				CLANG_WARN_COMMA = YES;
				CLANG_WARN_CONSTANT_CONVERSION = YES;
				CLANG_WARN_DEPRECATED_OBJC_IMPLEMENTATIONS = YES;
				CLANG_WARN_DIRECT_OBJC_ISA_USAGE = YES_ERROR;
				CLANG_WARN_DOCUMENTATION_COMMENTS = YES;
				CLANG_WARN_EMPTY_BODY = YES;
				CLANG_WARN_ENUM_CONVERSION = YES;
				CLANG_WARN_INFINITE_RECURSION = YES;
				CLANG_WARN_INT_CONVERSION = YES;
				CLANG_WARN_NON_LITERAL_NULL_CONVERSION = YES;
				CLANG_WARN_OBJC_IMPLICIT_RETAIN_SELF = YES;
				CLANG_WARN_OBJC_LITERAL_CONVERSION = YES;
				CLANG_WARN_OBJC_ROOT_CLASS = YES_ERROR;
				CLANG_WARN_QUOTED_INCLUDE_IN_FRAMEWORK_HEADER = YES;
				CLANG_WARN_RANGE_LOOP_ANALYSIS = YES;
				CLANG_WARN_STRICT_PROTOTYPES = YES;
				CLANG_WARN_SUSPICIOUS_MOVE = YES;
				CLANG_WARN_UNGUARDED_AVAILABILITY = YES_AGGRESSIVE;
				CLANG_WARN_UNREACHABLE_CODE = YES;
				CLANG_WARN__DUPLICATE_METHOD_MATCH = YES;
				COPY_PHASE_STRIP = NO;
				DEBUG_INFORMATION_FORMAT = dwarf;
				ENABLE_STRICT_OBJC_MSGSEND = YES;
				ENABLE_TESTABILITY = YES;
				GCC_C_LANGUAGE_STANDARD = gnu11;
				GCC_DYNAMIC_NO_PIC = NO;
				GCC_NO_COMMON_BLOCKS = YES;
				GCC_OPTIMIZATION_LEVEL = 0;
				GCC_PREPROCESSOR_DEFINITIONS = (
					"DEBUG=1",
					"$(inherited)",
				);
				GCC_WARN_64_TO_32_BIT_CONVERSION = YES;
				GCC_WARN_ABOUT_RETURN_TYPE = YES_ERROR;
				GCC_WARN_UNDECLARED_SELECTOR = YES;
				GCC_WARN_UNINITIALIZED_AUTOS = YES_AGGRESSIVE;
				GCC_WARN_UNUSED_FUNCTION = YES;
				GCC_WARN_UNUSED_VARIABLE = YES;
				IPHONEOS_DEPLOYMENT_TARGET = 14.5;
				MTL_ENABLE_DEBUG_INFO = INCLUDE_SOURCE;
				MTL_FAST_MATH = YES;
				ONLY_ACTIVE_ARCH = YES;
				SDKROOT = iphoneos;
				SWIFT_ACTIVE_COMPILATION_CONDITIONS = DEBUG;
				SWIFT_OPTIMIZATION_LEVEL = "-Onone";
			};
			name = Debug;
		};
		ADB666B426C2FE75008938D7 /* Release */ = {
			isa = XCBuildConfiguration;
			buildSettings = {
				ALWAYS_SEARCH_USER_PATHS = NO;
				CLANG_ANALYZER_NONNULL = YES;
				CLANG_ANALYZER_NUMBER_OBJECT_CONVERSION = YES_AGGRESSIVE;
				CLANG_CXX_LANGUAGE_STANDARD = "gnu++14";
				CLANG_CXX_LIBRARY = "libc++";
				CLANG_ENABLE_MODULES = YES;
				CLANG_ENABLE_OBJC_ARC = YES;
				CLANG_ENABLE_OBJC_WEAK = YES;
				CLANG_WARN_BLOCK_CAPTURE_AUTORELEASING = YES;
				CLANG_WARN_BOOL_CONVERSION = YES;
				CLANG_WARN_COMMA = YES;
				CLANG_WARN_CONSTANT_CONVERSION = YES;
				CLANG_WARN_DEPRECATED_OBJC_IMPLEMENTATIONS = YES;
				CLANG_WARN_DIRECT_OBJC_ISA_USAGE = YES_ERROR;
				CLANG_WARN_DOCUMENTATION_COMMENTS = YES;
				CLANG_WARN_EMPTY_BODY = YES;
				CLANG_WARN_ENUM_CONVERSION = YES;
				CLANG_WARN_INFINITE_RECURSION = YES;
				CLANG_WARN_INT_CONVERSION = YES;
				CLANG_WARN_NON_LITERAL_NULL_CONVERSION = YES;
				CLANG_WARN_OBJC_IMPLICIT_RETAIN_SELF = YES;
				CLANG_WARN_OBJC_LITERAL_CONVERSION = YES;
				CLANG_WARN_OBJC_ROOT_CLASS = YES_ERROR;
				CLANG_WARN_QUOTED_INCLUDE_IN_FRAMEWORK_HEADER = YES;
				CLANG_WARN_RANGE_LOOP_ANALYSIS = YES;
				CLANG_WARN_STRICT_PROTOTYPES = YES;
				CLANG_WARN_SUSPICIOUS_MOVE = YES;
				CLANG_WARN_UNGUARDED_AVAILABILITY = YES_AGGRESSIVE;
				CLANG_WARN_UNREACHABLE_CODE = YES;
				CLANG_WARN__DUPLICATE_METHOD_MATCH = YES;
				COPY_PHASE_STRIP = NO;
				DEBUG_INFORMATION_FORMAT = "dwarf-with-dsym";
				ENABLE_NS_ASSERTIONS = NO;
				ENABLE_STRICT_OBJC_MSGSEND = YES;
				GCC_C_LANGUAGE_STANDARD = gnu11;
				GCC_NO_COMMON_BLOCKS = YES;
				GCC_WARN_64_TO_32_BIT_CONVERSION = YES;
				GCC_WARN_ABOUT_RETURN_TYPE = YES_ERROR;
				GCC_WARN_UNDECLARED_SELECTOR = YES;
				GCC_WARN_UNINITIALIZED_AUTOS = YES_AGGRESSIVE;
				GCC_WARN_UNUSED_FUNCTION = YES;
				GCC_WARN_UNUSED_VARIABLE = YES;
				IPHONEOS_DEPLOYMENT_TARGET = 14.5;
				MTL_ENABLE_DEBUG_INFO = NO;
				MTL_FAST_MATH = YES;
				SDKROOT = iphoneos;
				SWIFT_COMPILATION_MODE = wholemodule;
				SWIFT_OPTIMIZATION_LEVEL = "-O";
				VALIDATE_PRODUCT = YES;
			};
			name = Release;
		};
		ADB666B626C2FE75008938D7 /* Debug */ = {
			isa = XCBuildConfiguration;
			buildSettings = {
				ASSETCATALOG_COMPILER_APPICON_NAME = AppIcon;
				ASSETCATALOG_COMPILER_GLOBAL_ACCENT_COLOR_NAME = AccentColor;
				CODE_SIGN_STYLE = Automatic;
				DEVELOPMENT_TEAM = S85L3BQN65;
				INFOPLIST_FILE = SwiflixReborn/Info.plist;
				LD_RUNPATH_SEARCH_PATHS = (
					"$(inherited)",
					"@executable_path/Frameworks",
				);
				PRODUCT_BUNDLE_IDENTIFIER = me.radicheski.SwiflixReborn;
				PRODUCT_NAME = "$(TARGET_NAME)";
				SWIFT_VERSION = 5.0;
				TARGETED_DEVICE_FAMILY = "1,2";
			};
			name = Debug;
		};
		ADB666B726C2FE75008938D7 /* Release */ = {
			isa = XCBuildConfiguration;
			buildSettings = {
				ASSETCATALOG_COMPILER_APPICON_NAME = AppIcon;
				ASSETCATALOG_COMPILER_GLOBAL_ACCENT_COLOR_NAME = AccentColor;
				CODE_SIGN_STYLE = Automatic;
				DEVELOPMENT_TEAM = S85L3BQN65;
				INFOPLIST_FILE = SwiflixReborn/Info.plist;
				LD_RUNPATH_SEARCH_PATHS = (
					"$(inherited)",
					"@executable_path/Frameworks",
				);
				PRODUCT_BUNDLE_IDENTIFIER = me.radicheski.SwiflixReborn;
				PRODUCT_NAME = "$(TARGET_NAME)";
				SWIFT_VERSION = 5.0;
				TARGETED_DEVICE_FAMILY = "1,2";
			};
			name = Release;
		};
/* End XCBuildConfiguration section */

/* Begin XCConfigurationList section */
		ADB6669C26C2FE74008938D7 /* Build configuration list for PBXProject "SwiflixReborn" */ = {
			isa = XCConfigurationList;
			buildConfigurations = (
				ADB666B326C2FE75008938D7 /* Debug */,
				ADB666B426C2FE75008938D7 /* Release */,
			);
			defaultConfigurationIsVisible = 0;
			defaultConfigurationName = Release;
		};
		ADB666B526C2FE75008938D7 /* Build configuration list for PBXNativeTarget "SwiflixReborn" */ = {
			isa = XCConfigurationList;
			buildConfigurations = (
				ADB666B626C2FE75008938D7 /* Debug */,
				ADB666B726C2FE75008938D7 /* Release */,
			);
			defaultConfigurationIsVisible = 0;
			defaultConfigurationName = Release;
		};
/* End XCConfigurationList section */
	};
	rootObject = ADB6669926C2FE74008938D7 /* Project object */;
}
